
Microsoft Visual Studio Solution File, Format Version 12.00
# Visual Studio Version 17
VisualStudioVersion = 17.2.32602.215
MinimumVisualStudioVersion = 10.0.40219.1
Project("{FAE04EC0-301F-11D3-BF4B-00C04F79EFBC}") = "VibrationsAnalyzer", "VibrationsAnalyzer\VibrationsAnalyzer.csproj", "{36E1A03B-251E-4B06-A65D-CA84F82F86D0}"
EndProject
Global
	GlobalSection(SolutionConfigurationPlatforms) = preSolution
		Debug|Any CPU = Debug|Any CPU
		Release|Any CPU = Release|Any CPU
	EndGlobalSection
	GlobalSection(ProjectConfigurationPlatforms) = postSolution
		{36E1A03B-251E-4B06-A65D-CA84F82F86D0}.Debug|Any CPU.ActiveCfg = Debug|Any CPU
		{36E1A03B-251E-4B06-A65D-CA84F82F86D0}.Debug|Any CPU.Build.0 = Debug|Any CPU
		{36E1A03B-251E-4B06-A65D-CA84F82F86D0}.Release|Any CPU.ActiveCfg = Release|Any CPU
		{36E1A03B-251E-4B06-A65D-CA84F82F86D0}.Release|Any CPU.Build.0 = Release|Any CPU
	EndGlobalSection
	GlobalSection(SolutionProperties) = preSolution
		HideSolutionNode = FALSE
	EndGlobalSection
	GlobalSection(ExtensibilityGlobals) = postSolution
		SolutionGuid = {16616536-7D11-4384-B7A1-23E788BE9046}
	EndGlobalSection
EndGlobal
